
Microsoft Visual Studio Solution File, Format Version 12.00
# Visual Studio 2010
Project("{FAE04EC0-301F-11D3-BF4B-00C04F79EFBC}") = "CGrabber.Addin", "CGrabber.Addin\CGrabber.Addin.csproj", "{1BAEE04D-4110-4FF5-9D35-E436F6BB0E86}"
EndProject
Project("{FAE04EC0-301F-11D3-BF4B-00C04F79EFBC}") = "CGrabber.Addin.Domain", "CGrabber.Addin.Domain\CGrabber.Addin.Domain.csproj", "{DD5F4A81-4A39-46BA-A303-C05C179641A6}"
EndProject
Project("{54435603-DBB4-11D2-8724-00A0C9A8B90C}") = "CGrabber.Add-in.Installer", "CGrabber.Add-in.Installer\CGrabber.Add-in.Installer.vdproj", "{44B2CCA2-D07E-4C98-B523-1DE084C0F669}"
EndProject
Global
	GlobalSection(TeamFoundationVersionControl) = preSolution
		SccNumberOfProjects = 4
		SccEnterpriseProvider = {4CA58AB2-18FA-4F8D-95D4-32DDF27D184C}
		SccTeamFoundationServer = https://tfs.codeplex.com/tfs/tfs19
		SccLocalPath0 = .
		SccProjectUniqueName1 = CGrabber.Add-in.Installer\\CGrabber.Add-in.Installer.vdproj
		SccProjectName1 = CGrabber.Add-in.Installer
		SccLocalPath1 = CGrabber.Add-in.Installer
		SccProjectUniqueName2 = CGrabber.Addin.Domain\\CGrabber.Addin.Domain.csproj
		SccProjectName2 = CGrabber.Addin.Domain
		SccLocalPath2 = CGrabber.Addin.Domain
		SccProjectUniqueName3 = CGrabber.Addin\\CGrabber.Addin.csproj
		SccProjectName3 = CGrabber.Addin
		SccLocalPath3 = CGrabber.Addin
	EndGlobalSection
	GlobalSection(SolutionConfigurationPlatforms) = preSolution
		Debug|Any CPU = Debug|Any CPU
		Release|Any CPU = Release|Any CPU
	EndGlobalSection
	GlobalSection(ProjectConfigurationPlatforms) = postSolution
		{1BAEE04D-4110-4FF5-9D35-E436F6BB0E86}.Debug|Any CPU.ActiveCfg = Debug|Any CPU
		{1BAEE04D-4110-4FF5-9D35-E436F6BB0E86}.Debug|Any CPU.Build.0 = Debug|Any CPU
		{1BAEE04D-4110-4FF5-9D35-E436F6BB0E86}.Release|Any CPU.ActiveCfg = Release|Any CPU
		{1BAEE04D-4110-4FF5-9D35-E436F6BB0E86}.Release|Any CPU.Build.0 = Release|Any CPU
		{DD5F4A81-4A39-46BA-A303-C05C179641A6}.Debug|Any CPU.ActiveCfg = Debug|Any CPU
		{DD5F4A81-4A39-46BA-A303-C05C179641A6}.Debug|Any CPU.Build.0 = Debug|Any CPU
		{DD5F4A81-4A39-46BA-A303-C05C179641A6}.Release|Any CPU.ActiveCfg = Release|Any CPU
		{DD5F4A81-4A39-46BA-A303-C05C179641A6}.Release|Any CPU.Build.0 = Release|Any CPU
		{44B2CCA2-D07E-4C98-B523-1DE084C0F669}.Debug|Any CPU.ActiveCfg = Debug
		{44B2CCA2-D07E-4C98-B523-1DE084C0F669}.Release|Any CPU.ActiveCfg = Release
	EndGlobalSection
	GlobalSection(SolutionProperties) = preSolution
		HideSolutionNode = FALSE
	EndGlobalSection
EndGlobal
